// !$*UTF8*$!
{
	archiveVersion = 1;
	classes = {
	};
	objectVersion = 46;
	objects = {

/* Begin PBXBuildFile section */
		0A06FE141EC1766C0016165F /* libFeedParser.a in Frameworks */ = {isa = PBXBuildFile; fileRef = 0A339C770F88034D00D0F64E /* libFeedParser.a */; };
		0A06FE1A1EC176F00016165F /* RFC822Test.m in Sources */ = {isa = PBXBuildFile; fileRef = 0AAF74D30F8AEE3800120935 /* RFC822Test.m */; };
		0A06FE1B1EC176F30016165F /* FeedParserTest.m in Sources */ = {isa = PBXBuildFile; fileRef = 0AACF27E0F8AC1540061AEB8 /* FeedParserTest.m */; };
		0A06FE1C1EC176FE0016165F /* sample-rss-091.rss in Resources */ = {isa = PBXBuildFile; fileRef = 0AACF26D0F8AC0810061AEB8 /* sample-rss-091.rss */; };
		0A06FE1D1EC176FE0016165F /* sample-rss-092.rss in Resources */ = {isa = PBXBuildFile; fileRef = 0AACF26E0F8AC0810061AEB8 /* sample-rss-092.rss */; };
		0A06FE1E1EC176FE0016165F /* sample-rss-2.rss in Resources */ = {isa = PBXBuildFile; fileRef = 0AACF26F0F8AC0810061AEB8 /* sample-rss-2.rss */; };
		0A06FE1F1EC176FE0016165F /* extensions.rss in Resources */ = {isa = PBXBuildFile; fileRef = 0A5C3AC90F8EAE3800106D24 /* extensions.rss */; };
		0A06FE201EC176FE0016165F /* rss-with-atom.rss in Resources */ = {isa = PBXBuildFile; fileRef = 0A5C3BF30F901AF100106D24 /* rss-with-atom.rss */; };
		0A06FE211EC176FE0016165F /* google-news.rss in Resources */ = {isa = PBXBuildFile; fileRef = 0A0C74051187ACAD0052F023 /* google-news.rss */; };
		0A33059B10B794F9006E6FDD /* FDPEnclosure.m in Sources */ = {isa = PBXBuildFile; fileRef = 0A33059A10B794F9006E6FDD /* FDPEnclosure.m */; };
		0A339C8A0F8803C600D0F64E /* Foundation.framework in Frameworks */ = {isa = PBXBuildFile; fileRef = 0A339B080F87236F00D0F64E /* Foundation.framework */; };
		0A339C9B0F8804E400D0F64E /* FDPFeed.m in Sources */ = {isa = PBXBuildFile; fileRef = 0A339C990F8804E400D0F64E /* FDPFeed.m */; };
		0A5C39C70F8E981000106D24 /* FDPExtensionElementNode.m in Sources */ = {isa = PBXBuildFile; fileRef = 0A5C39C60F8E981000106D24 /* FDPExtensionElementNode.m */; };
		0A5C39D40F8E999A00106D24 /* FDPExtensionNode.m in Sources */ = {isa = PBXBuildFile; fileRef = 0A5C39D10F8E999A00106D24 /* FDPExtensionNode.m */; };
		0A5C39D90F8E9B1200106D24 /* FDPExtensionTextNode.m in Sources */ = {isa = PBXBuildFile; fileRef = 0A5C39D70F8E9B1200106D24 /* FDPExtensionTextNode.m */; };
		0A5C3C800F902A2A00106D24 /* FDPLink.m in Sources */ = {isa = PBXBuildFile; fileRef = 0A5C3C7E0F902A2A00106D24 /* FDPLink.m */; };
		0A5C3CBB0F9031E000106D24 /* NSString_extensions.m in Sources */ = {isa = PBXBuildFile; fileRef = 0A5C3CB80F9031E000106D24 /* NSString_extensions.m */; };
		0A9BB99F0F8ACCF200CB5F5D /* FDPXMLParser.m in Sources */ = {isa = PBXBuildFile; fileRef = 0A9BB99D0F8ACCF200CB5F5D /* FDPXMLParser.m */; };
		0A9BB9A50F8AD58800CB5F5D /* FDPXMLPair.m in Sources */ = {isa = PBXBuildFile; fileRef = 0A9BB9A30F8AD58800CB5F5D /* FDPXMLPair.m */; };
		0A9BB9F60F8AE19000CB5F5D /* NSDate_FeedParserExtensions.m in Sources */ = {isa = PBXBuildFile; fileRef = 0A9BB9F40F8AE19000CB5F5D /* NSDate_FeedParserExtensions.m */; };
		0AA74C0E0F881C4A007F6085 /* FDPItem.m in Sources */ = {isa = PBXBuildFile; fileRef = 0AA74C0D0F881C4A007F6085 /* FDPItem.m */; };
		0AA74C110F881CBD007F6085 /* FDPParser.m in Sources */ = {isa = PBXBuildFile; fileRef = 0AA74C100F881CBD007F6085 /* FDPParser.m */; };
		435AD4C416DFD3BC0018951F /* FDPCategory.m in Sources */ = {isa = PBXBuildFile; fileRef = 435AD4C316DFD3BC0018951F /* FDPCategory.m */; };
/* End PBXBuildFile section */

/* Begin PBXContainerItemProxy section */
		0A06FE151EC1766C0016165F /* PBXContainerItemProxy */ = {
			isa = PBXContainerItemProxy;
			containerPortal = 2A37F4A9FDCFA73011CA2CEA /* Project object */;
			proxyType = 1;
			remoteGlobalIDString = 0A339C760F88034D00D0F64E;
			remoteInfo = FeedParser;
		};
/* End PBXContainerItemProxy section */

/* Begin PBXFileReference section */
		0A06FE0F1EC1766C0016165F /* FeedParserTests.xctest */ = {isa = PBXFileReference; explicitFileType = wrapper.cfbundle; includeInIndex = 0; path = FeedParserTests.xctest; sourceTree = BUILT_PRODUCTS_DIR; };
		0A0C74051187ACAD0052F023 /* google-news.rss */ = {isa = PBXFileReference; fileEncoding = 4; lastKnownFileType = text; path = "google-news.rss"; sourceTree = "<group>"; };
		0A244C5D0F921B8100E6C6A7 /* LICENSE.txt */ = {isa = PBXFileReference; fileEncoding = 4; lastKnownFileType = text; path = LICENSE.txt; sourceTree = "<group>"; };
		0A33059910B794F9006E6FDD /* FDPEnclosure.h */ = {isa = PBXFileReference; fileEncoding = 4; lastKnownFileType = sourcecode.c.h; path = FDPEnclosure.h; sourceTree = "<group>"; };
		0A33059A10B794F9006E6FDD /* FDPEnclosure.m */ = {isa = PBXFileReference; fileEncoding = 4; lastKnownFileType = sourcecode.c.objc; path = FDPEnclosure.m; sourceTree = "<group>"; };
		0A339B080F87236F00D0F64E /* Foundation.framework */ = {isa = PBXFileReference; lastKnownFileType = wrapper.framework; name = Foundation.framework; path = System/Library/Frameworks/Foundation.framework; sourceTree = SDKROOT; };
		0A339BB30F87257400D0F64E /* Cocoa.framework */ = {isa = PBXFileReference; lastKnownFileType = wrapper.framework; name = Cocoa.framework; path = System/Library/Frameworks/Cocoa.framework; sourceTree = SDKROOT; };
		0A339C6D0F87267200D0F64E /* FeedParser.h */ = {isa = PBXFileReference; fileEncoding = 4; lastKnownFileType = sourcecode.c.h; path = FeedParser.h; sourceTree = "<group>"; };
		0A339C770F88034D00D0F64E /* libFeedParser.a */ = {isa = PBXFileReference; explicitFileType = archive.ar; includeInIndex = 0; path = libFeedParser.a; sourceTree = BUILT_PRODUCTS_DIR; };
		0A339C980F8804E400D0F64E /* FDPFeed.h */ = {isa = PBXFileReference; fileEncoding = 4; lastKnownFileType = sourcecode.c.h; path = FDPFeed.h; sourceTree = "<group>"; };
		0A339C990F8804E400D0F64E /* FDPFeed.m */ = {isa = PBXFileReference; fileEncoding = 4; lastKnownFileType = sourcecode.c.objc; path = FDPFeed.m; sourceTree = "<group>"; };
		0A5C39C50F8E981000106D24 /* FDPExtensionElementNode.h */ = {isa = PBXFileReference; fileEncoding = 4; lastKnownFileType = sourcecode.c.h; path = FDPExtensionElementNode.h; sourceTree = "<group>"; };
		0A5C39C60F8E981000106D24 /* FDPExtensionElementNode.m */ = {isa = PBXFileReference; fileEncoding = 4; lastKnownFileType = sourcecode.c.objc; path = FDPExtensionElementNode.m; sourceTree = "<group>"; };
		0A5C39D00F8E999A00106D24 /* FDPExtensionNode.h */ = {isa = PBXFileReference; fileEncoding = 4; lastKnownFileType = sourcecode.c.h; path = FDPExtensionNode.h; sourceTree = "<group>"; };
		0A5C39D10F8E999A00106D24 /* FDPExtensionNode.m */ = {isa = PBXFileReference; fileEncoding = 4; lastKnownFileType = sourcecode.c.objc; path = FDPExtensionNode.m; sourceTree = "<group>"; };
		0A5C39D60F8E9B1200106D24 /* FDPExtensionTextNode.h */ = {isa = PBXFileReference; fileEncoding = 4; lastKnownFileType = sourcecode.c.h; path = FDPExtensionTextNode.h; sourceTree = "<group>"; };
		0A5C39D70F8E9B1200106D24 /* FDPExtensionTextNode.m */ = {isa = PBXFileReference; fileEncoding = 4; lastKnownFileType = sourcecode.c.objc; path = FDPExtensionTextNode.m; sourceTree = "<group>"; };
		0A5C3A040F8E9ED200106D24 /* FDPXMLParserProtocol.h */ = {isa = PBXFileReference; fileEncoding = 4; lastKnownFileType = sourcecode.c.h; path = FDPXMLParserProtocol.h; sourceTree = "<group>"; };
		0A5C3A860F8EAC1D00106D24 /* FPExtensionElementNode_Private.h */ = {isa = PBXFileReference; fileEncoding = 4; lastKnownFileType = sourcecode.c.h; path = FPExtensionElementNode_Private.h; sourceTree = "<group>"; };
		0A5C3AC90F8EAE3800106D24 /* extensions.rss */ = {isa = PBXFileReference; fileEncoding = 4; lastKnownFileType = text.xml; path = extensions.rss; sourceTree = "<group>"; usesTabs = 0; };
		0A5C3BF30F901AF100106D24 /* rss-with-atom.rss */ = {isa = PBXFileReference; fileEncoding = 4; lastKnownFileType = text.xml; path = "rss-with-atom.rss"; sourceTree = "<group>"; };
		0A5C3C7D0F902A2A00106D24 /* FDPLink.h */ = {isa = PBXFileReference; fileEncoding = 4; lastKnownFileType = sourcecode.c.h; path = FDPLink.h; sourceTree = "<group>"; };
		0A5C3C7E0F902A2A00106D24 /* FDPLink.m */ = {isa = PBXFileReference; fileEncoding = 4; lastKnownFileType = sourcecode.c.objc; path = FDPLink.m; sourceTree = "<group>"; };
		0A5C3CB70F9031E000106D24 /* NSString_extensions.h */ = {isa = PBXFileReference; fileEncoding = 4; lastKnownFileType = sourcecode.c.h; path = NSString_extensions.h; sourceTree = "<group>"; };
		0A5C3CB80F9031E000106D24 /* NSString_extensions.m */ = {isa = PBXFileReference; fileEncoding = 4; lastKnownFileType = sourcecode.c.objc; path = NSString_extensions.m; sourceTree = "<group>"; };
		0A9BB99C0F8ACCF200CB5F5D /* FDPXMLParser.h */ = {isa = PBXFileReference; fileEncoding = 4; lastKnownFileType = sourcecode.c.h; path = FDPXMLParser.h; sourceTree = "<group>"; };
		0A9BB99D0F8ACCF200CB5F5D /* FDPXMLParser.m */ = {isa = PBXFileReference; fileEncoding = 4; lastKnownFileType = sourcecode.c.objc; path = FDPXMLParser.m; sourceTree = "<group>"; };
		0A9BB9A20F8AD58800CB5F5D /* FDPXMLPair.h */ = {isa = PBXFileReference; fileEncoding = 4; lastKnownFileType = sourcecode.c.h; path = FDPXMLPair.h; sourceTree = "<group>"; };
		0A9BB9A30F8AD58800CB5F5D /* FDPXMLPair.m */ = {isa = PBXFileReference; fileEncoding = 4; lastKnownFileType = sourcecode.c.objc; path = FDPXMLPair.m; sourceTree = "<group>"; };
		0A9BB9F30F8AE19000CB5F5D /* NSDate_FeedParserExtensions.h */ = {isa = PBXFileReference; fileEncoding = 4; lastKnownFileType = sourcecode.c.h; path = NSDate_FeedParserExtensions.h; sourceTree = "<group>"; };
		0A9BB9F40F8AE19000CB5F5D /* NSDate_FeedParserExtensions.m */ = {isa = PBXFileReference; fileEncoding = 4; lastKnownFileType = sourcecode.c.objc; path = NSDate_FeedParserExtensions.m; sourceTree = "<group>"; };
		0AA74C0C0F881C4A007F6085 /* FDPItem.h */ = {isa = PBXFileReference; fileEncoding = 4; lastKnownFileType = sourcecode.c.h; path = FDPItem.h; sourceTree = "<group>"; };
		0AA74C0D0F881C4A007F6085 /* FDPItem.m */ = {isa = PBXFileReference; fileEncoding = 4; lastKnownFileType = sourcecode.c.objc; path = FDPItem.m; sourceTree = "<group>"; };
		0AA74C0F0F881CBD007F6085 /* FDPParser.h */ = {isa = PBXFileReference; fileEncoding = 4; lastKnownFileType = sourcecode.c.h; path = FDPParser.h; sourceTree = "<group>"; };
		0AA74C100F881CBD007F6085 /* FDPParser.m */ = {isa = PBXFileReference; fileEncoding = 4; lastKnownFileType = sourcecode.c.objc; path = FDPParser.m; sourceTree = "<group>"; };
		0AA74C250F8825AF007F6085 /* FDPErrors.h */ = {isa = PBXFileReference; fileEncoding = 4; lastKnownFileType = sourcecode.c.h; path = FDPErrors.h; sourceTree = "<group>"; };
		0AACF2630F8AC02E0061AEB8 /* Info.plist */ = {isa = PBXFileReference; lastKnownFileType = text.plist.xml; path = Info.plist; sourceTree = "<group>"; };
		0AACF26D0F8AC0810061AEB8 /* sample-rss-091.rss */ = {isa = PBXFileReference; fileEncoding = 4; lastKnownFileType = text.xml; path = "sample-rss-091.rss"; sourceTree = "<group>"; };
		0AACF26E0F8AC0810061AEB8 /* sample-rss-092.rss */ = {isa = PBXFileReference; fileEncoding = 4; lastKnownFileType = text.xml; path = "sample-rss-092.rss"; sourceTree = "<group>"; };
		0AACF26F0F8AC0810061AEB8 /* sample-rss-2.rss */ = {isa = PBXFileReference; fileEncoding = 4; lastKnownFileType = text.xml; path = "sample-rss-2.rss"; sourceTree = "<group>"; };
		0AACF27E0F8AC1540061AEB8 /* FeedParserTest.m */ = {isa = PBXFileReference; fileEncoding = 4; lastKnownFileType = sourcecode.c.objc; path = FeedParserTest.m; sourceTree = "<group>"; };
		0AAF74D30F8AEE3800120935 /* RFC822Test.m */ = {isa = PBXFileReference; fileEncoding = 4; lastKnownFileType = sourcecode.c.objc; path = RFC822Test.m; sourceTree = "<group>"; };
		0AD2F7350F9044C800D7CAF1 /* README.mdown */ = {isa = PBXFileReference; fileEncoding = 4; lastKnownFileType = text; path = README.mdown; sourceTree = "<group>"; };
		435AD4C216DFD3BC0018951F /* FDPCategory.h */ = {isa = PBXFileReference; fileEncoding = 4; lastKnownFileType = sourcecode.c.h; path = FDPCategory.h; sourceTree = "<group>"; };
		435AD4C316DFD3BC0018951F /* FDPCategory.m */ = {isa = PBXFileReference; fileEncoding = 4; lastKnownFileType = sourcecode.c.objc; path = FDPCategory.m; sourceTree = "<group>"; };
/* End PBXFileReference section */

/* Begin PBXFrameworksBuildPhase section */
		0A06FE0C1EC1766C0016165F /* Frameworks */ = {
			isa = PBXFrameworksBuildPhase;
			buildActionMask = 2147483647;
			files = (
				0A06FE141EC1766C0016165F /* libFeedParser.a in Frameworks */,
			);
			runOnlyForDeploymentPostprocessing = 0;
		};
		0A339C750F88034D00D0F64E /* Frameworks */ = {
			isa = PBXFrameworksBuildPhase;
			buildActionMask = 2147483647;
			files = (
				0A339C8A0F8803C600D0F64E /* Foundation.framework in Frameworks */,
			);
			runOnlyForDeploymentPostprocessing = 0;
		};
/* End PBXFrameworksBuildPhase section */

/* Begin PBXGroup section */
		0A339AFC0F87227500D0F64E /* FeedParser */ = {
			isa = PBXGroup;
			children = (
				0A339C6D0F87267200D0F64E /* FeedParser.h */,
				0AA74C250F8825AF007F6085 /* FDPErrors.h */,
				0AA74C0F0F881CBD007F6085 /* FDPParser.h */,
				0AA74C100F881CBD007F6085 /* FDPParser.m */,
				0A339C980F8804E400D0F64E /* FDPFeed.h */,
				0A339C990F8804E400D0F64E /* FDPFeed.m */,
				0AA74C0C0F881C4A007F6085 /* FDPItem.h */,
				0AA74C0D0F881C4A007F6085 /* FDPItem.m */,
				0A5C3C7D0F902A2A00106D24 /* FDPLink.h */,
				0A5C3C7E0F902A2A00106D24 /* FDPLink.m */,
				0A33059910B794F9006E6FDD /* FDPEnclosure.h */,
				0A33059A10B794F9006E6FDD /* FDPEnclosure.m */,
				435AD4C216DFD3BC0018951F /* FDPCategory.h */,
				435AD4C316DFD3BC0018951F /* FDPCategory.m */,
				0A5C39CA0F8E98A000106D24 /* XML Extensions */,
				0A9BB99B0F8ACCDE00CB5F5D /* Internal */,
				0A9BB9F20F8AE17F00CB5F5D /* Extensions */,
			);
			path = FeedParser;
			sourceTree = "<group>";
		};
		0A339C370F87259100D0F64E /* Frameworks */ = {
			isa = PBXGroup;
			children = (
				0A339B080F87236F00D0F64E /* Foundation.framework */,
				0A339BB30F87257400D0F64E /* Cocoa.framework */,
			);
			name = Frameworks;
			sourceTree = "<group>";
		};
		0A5C39CA0F8E98A000106D24 /* XML Extensions */ = {
			isa = PBXGroup;
			children = (
				0A5C39D00F8E999A00106D24 /* FDPExtensionNode.h */,
				0A5C39D10F8E999A00106D24 /* FDPExtensionNode.m */,
				0A5C39C50F8E981000106D24 /* FDPExtensionElementNode.h */,
				0A5C39C60F8E981000106D24 /* FDPExtensionElementNode.m */,
				0A5C39D60F8E9B1200106D24 /* FDPExtensionTextNode.h */,
				0A5C39D70F8E9B1200106D24 /* FDPExtensionTextNode.m */,
			);
			path = "XML Extensions";
			sourceTree = "<group>";
		};
		0A9BB99B0F8ACCDE00CB5F5D /* Internal */ = {
			isa = PBXGroup;
			children = (
				0A5C3A040F8E9ED200106D24 /* FDPXMLParserProtocol.h */,
				0A5C3A860F8EAC1D00106D24 /* FPExtensionElementNode_Private.h */,
				0A9BB99C0F8ACCF200CB5F5D /* FDPXMLParser.h */,
				0A9BB99D0F8ACCF200CB5F5D /* FDPXMLParser.m */,
				0A9BB9A20F8AD58800CB5F5D /* FDPXMLPair.h */,
				0A9BB9A30F8AD58800CB5F5D /* FDPXMLPair.m */,
			);
			path = Internal;
			sourceTree = "<group>";
		};
		0A9BB9F20F8AE17F00CB5F5D /* Extensions */ = {
			isa = PBXGroup;
			children = (
				0A9BB9F30F8AE19000CB5F5D /* NSDate_FeedParserExtensions.h */,
				0A9BB9F40F8AE19000CB5F5D /* NSDate_FeedParserExtensions.m */,
				0A5C3CB70F9031E000106D24 /* NSString_extensions.h */,
				0A5C3CB80F9031E000106D24 /* NSString_extensions.m */,
			);
			path = Extensions;
			sourceTree = "<group>";
		};
		0AACF25C0F8AC01B0061AEB8 /* Test */ = {
			isa = PBXGroup;
			children = (
				0AACF26C0F8AC0810061AEB8 /* Fixtures */,
				0AACF2630F8AC02E0061AEB8 /* Info.plist */,
				0AACF27E0F8AC1540061AEB8 /* FeedParserTest.m */,
				0AAF74D30F8AEE3800120935 /* RFC822Test.m */,
			);
			path = Test;
			sourceTree = "<group>";
		};
		0AACF26C0F8AC0810061AEB8 /* Fixtures */ = {
			isa = PBXGroup;
			children = (
				0AACF26D0F8AC0810061AEB8 /* sample-rss-091.rss */,
				0AACF26E0F8AC0810061AEB8 /* sample-rss-092.rss */,
				0AACF26F0F8AC0810061AEB8 /* sample-rss-2.rss */,
				0A5C3AC90F8EAE3800106D24 /* extensions.rss */,
				0A5C3BF30F901AF100106D24 /* rss-with-atom.rss */,
				0A0C74051187ACAD0052F023 /* google-news.rss */,
			);
			path = Fixtures;
			sourceTree = "<group>";
		};
		19C28FB0FE9D524F11CA2CBB /* Products */ = {
			isa = PBXGroup;
			children = (
				0A339C770F88034D00D0F64E /* libFeedParser.a */,
				0A06FE0F1EC1766C0016165F /* FeedParserTests.xctest */,
			);
			name = Products;
			sourceTree = "<group>";
		};
		2A37F4AAFDCFA73011CA2CEA /* FeedParser */ = {
			isa = PBXGroup;
			children = (
				0AD2F7350F9044C800D7CAF1 /* README.mdown */,
				0A244C5D0F921B8100E6C6A7 /* LICENSE.txt */,
				0A339AFC0F87227500D0F64E /* FeedParser */,
				0AACF25C0F8AC01B0061AEB8 /* Test */,
				0A339C370F87259100D0F64E /* Frameworks */,
				19C28FB0FE9D524F11CA2CBB /* Products */,
			);
			name = FeedParser;
			sourceTree = "<group>";
		};
/* End PBXGroup section */

/* Begin PBXNativeTarget section */
		0A06FE0E1EC1766C0016165F /* FeedParserTests */ = {
			isa = PBXNativeTarget;
			buildConfigurationList = 0A06FE171EC1766C0016165F /* Build configuration list for PBXNativeTarget "FeedParserTests" */;
			buildPhases = (
				0A06FE0B1EC1766C0016165F /* Sources */,
				0A06FE0C1EC1766C0016165F /* Frameworks */,
				0A06FE0D1EC1766C0016165F /* Resources */,
			);
			buildRules = (
			);
			dependencies = (
				0A06FE161EC1766C0016165F /* PBXTargetDependency */,
			);
			name = FeedParserTests;
			productName = FeedParserTests;
			productReference = 0A06FE0F1EC1766C0016165F /* FeedParserTests.xctest */;
			productType = "com.apple.product-type.bundle.unit-test";
		};
		0A339C760F88034D00D0F64E /* FeedParser */ = {
			isa = PBXNativeTarget;
			buildConfigurationList = 0A339C7F0F88038B00D0F64E /* Build configuration list for PBXNativeTarget "FeedParser" */;
			buildPhases = (
				0A339C740F88034D00D0F64E /* Sources */,
				0A339C750F88034D00D0F64E /* Frameworks */,
			);
			buildRules = (
			);
			dependencies = (
			);
			name = FeedParser;
			productName = FeedParser;
			productReference = 0A339C770F88034D00D0F64E /* libFeedParser.a */;
			productType = "com.apple.product-type.library.static";
		};
/* End PBXNativeTarget section */

/* Begin PBXProject section */
		2A37F4A9FDCFA73011CA2CEA /* Project object */ = {
			isa = PBXProject;
			attributes = {
				LastUpgradeCheck = 1000;
				TargetAttributes = {
					0A06FE0E1EC1766C0016165F = {
						CreatedOnToolsVersion = 8.3.2;
						ProvisioningStyle = Automatic;
					};
				};
			};
			buildConfigurationList = C05733CB08A9546B00998B17 /* Build configuration list for PBXProject "FeedParser" */;
			compatibilityVersion = "Xcode 3.2";
			developmentRegion = English;
			hasScannedForEncodings = 1;
			knownRegions = (
				en,
			);
			mainGroup = 2A37F4AAFDCFA73011CA2CEA /* FeedParser */;
			projectDirPath = "";
			projectRoot = "";
			targets = (
				0A339C760F88034D00D0F64E /* FeedParser */,
				0A06FE0E1EC1766C0016165F /* FeedParserTests */,
			);
		};
/* End PBXProject section */

/* Begin PBXResourcesBuildPhase section */
		0A06FE0D1EC1766C0016165F /* Resources */ = {
			isa = PBXResourcesBuildPhase;
			buildActionMask = 2147483647;
			files = (
				0A06FE1F1EC176FE0016165F /* extensions.rss in Resources */,
				0A06FE1E1EC176FE0016165F /* sample-rss-2.rss in Resources */,
				0A06FE201EC176FE0016165F /* rss-with-atom.rss in Resources */,
				0A06FE1C1EC176FE0016165F /* sample-rss-091.rss in Resources */,
				0A06FE211EC176FE0016165F /* google-news.rss in Resources */,
				0A06FE1D1EC176FE0016165F /* sample-rss-092.rss in Resources */,
			);
			runOnlyForDeploymentPostprocessing = 0;
		};
/* End PBXResourcesBuildPhase section */

/* Begin PBXSourcesBuildPhase section */
		0A06FE0B1EC1766C0016165F /* Sources */ = {
			isa = PBXSourcesBuildPhase;
			buildActionMask = 2147483647;
			files = (
				0A06FE1A1EC176F00016165F /* RFC822Test.m in Sources */,
				0A06FE1B1EC176F30016165F /* FeedParserTest.m in Sources */,
			);
			runOnlyForDeploymentPostprocessing = 0;
		};
		0A339C740F88034D00D0F64E /* Sources */ = {
			isa = PBXSourcesBuildPhase;
			buildActionMask = 2147483647;
			files = (
				0A339C9B0F8804E400D0F64E /* FDPFeed.m in Sources */,
				0AA74C0E0F881C4A007F6085 /* FDPItem.m in Sources */,
				0AA74C110F881CBD007F6085 /* FDPParser.m in Sources */,
				0A9BB99F0F8ACCF200CB5F5D /* FDPXMLParser.m in Sources */,
				0A9BB9A50F8AD58800CB5F5D /* FDPXMLPair.m in Sources */,
				0A9BB9F60F8AE19000CB5F5D /* NSDate_FeedParserExtensions.m in Sources */,
				0A5C39C70F8E981000106D24 /* FDPExtensionElementNode.m in Sources */,
				0A5C39D40F8E999A00106D24 /* FDPExtensionNode.m in Sources */,
				0A5C39D90F8E9B1200106D24 /* FDPExtensionTextNode.m in Sources */,
				0A5C3C800F902A2A00106D24 /* FDPLink.m in Sources */,
				0A5C3CBB0F9031E000106D24 /* NSString_extensions.m in Sources */,
				0A33059B10B794F9006E6FDD /* FDPEnclosure.m in Sources */,
				435AD4C416DFD3BC0018951F /* FDPCategory.m in Sources */,
			);
			runOnlyForDeploymentPostprocessing = 0;
		};
/* End PBXSourcesBuildPhase section */

/* Begin PBXTargetDependency section */
		0A06FE161EC1766C0016165F /* PBXTargetDependency */ = {
			isa = PBXTargetDependency;
			target = 0A339C760F88034D00D0F64E /* FeedParser */;
			targetProxy = 0A06FE151EC1766C0016165F /* PBXContainerItemProxy */;
		};
/* End PBXTargetDependency section */

/* Begin XCBuildConfiguration section */
		0A06FE181EC1766C0016165F /* Debug */ = {
			isa = XCBuildConfiguration;
			buildSettings = {
				ALWAYS_SEARCH_USER_PATHS = NO;
				CLANG_ANALYZER_NONNULL = YES;
				CLANG_ANALYZER_NUMBER_OBJECT_CONVERSION = YES_AGGRESSIVE;
				CLANG_CXX_LANGUAGE_STANDARD = "gnu++0x";
				CLANG_CXX_LIBRARY = "libc++";
				CLANG_ENABLE_MODULES = YES;
				CLANG_ENABLE_OBJC_ARC = YES;
				CLANG_WARN_DIRECT_OBJC_ISA_USAGE = YES_ERROR;
				CLANG_WARN_DOCUMENTATION_COMMENTS = YES;
				CLANG_WARN_OBJC_ROOT_CLASS = YES_ERROR;
				CODE_SIGN_IDENTITY = "-";
				COMBINE_HIDPI_IMAGES = YES;
				COPY_PHASE_STRIP = NO;
				DEBUG_INFORMATION_FORMAT = dwarf;
				GCC_C_LANGUAGE_STANDARD = gnu99;
				GCC_DYNAMIC_NO_PIC = NO;
				GCC_PREPROCESSOR_DEFINITIONS = (
					"DEBUG=1",
					"$(inherited)",
				);
				GCC_WARN_ABOUT_RETURN_TYPE = YES_ERROR;
				GCC_WARN_UNINITIALIZED_AUTOS = YES_AGGRESSIVE;
				INFOPLIST_FILE = Test/Info.plist;
				LD_RUNPATH_SEARCH_PATHS = "$(inherited) @executable_path/../Frameworks @loader_path/../Frameworks";
				MTL_ENABLE_DEBUG_INFO = YES;
				OTHER_LDFLAGS = "-ObjC";
				PRODUCT_BUNDLE_IDENTIFIER = com.tildesoft.FeedParserTests;
				PRODUCT_NAME = "$(TARGET_NAME)";
				SDKROOT = macosx;
			};
			name = Debug;
		};
		0A06FE191EC1766C0016165F /* Release */ = {
			isa = XCBuildConfiguration;
			buildSettings = {
				ALWAYS_SEARCH_USER_PATHS = NO;
				CLANG_ANALYZER_NONNULL = YES;
				CLANG_ANALYZER_NUMBER_OBJECT_CONVERSION = YES_AGGRESSIVE;
				CLANG_CXX_LANGUAGE_STANDARD = "gnu++0x";
				CLANG_CXX_LIBRARY = "libc++";
				CLANG_ENABLE_MODULES = YES;
				CLANG_ENABLE_OBJC_ARC = YES;
				CLANG_WARN_DIRECT_OBJC_ISA_USAGE = YES_ERROR;
				CLANG_WARN_DOCUMENTATION_COMMENTS = YES;
				CLANG_WARN_OBJC_ROOT_CLASS = YES_ERROR;
				CODE_SIGN_IDENTITY = "-";
				COMBINE_HIDPI_IMAGES = YES;
				COPY_PHASE_STRIP = NO;
				DEBUG_INFORMATION_FORMAT = "dwarf-with-dsym";
				ENABLE_NS_ASSERTIONS = NO;
				GCC_C_LANGUAGE_STANDARD = gnu99;
				GCC_WARN_ABOUT_RETURN_TYPE = YES_ERROR;
				GCC_WARN_UNINITIALIZED_AUTOS = YES_AGGRESSIVE;
				INFOPLIST_FILE = Test/Info.plist;
				LD_RUNPATH_SEARCH_PATHS = "$(inherited) @executable_path/../Frameworks @loader_path/../Frameworks";
				MTL_ENABLE_DEBUG_INFO = NO;
				OTHER_LDFLAGS = "-ObjC";
				PRODUCT_BUNDLE_IDENTIFIER = com.tildesoft.FeedParserTests;
				PRODUCT_NAME = "$(TARGET_NAME)";
				SDKROOT = macosx;
			};
			name = Release;
		};
		0A339C780F88034D00D0F64E /* Debug */ = {
			isa = XCBuildConfiguration;
			buildSettings = {
				ALWAYS_SEARCH_USER_PATHS = NO;
				CLANG_ENABLE_OBJC_WEAK = YES;
				COPY_PHASE_STRIP = NO;
				GCC_DYNAMIC_NO_PIC = NO;
				GCC_MODEL_TUNING = G5;
				GCC_OPTIMIZATION_LEVEL = 0;
				GCC_PRECOMPILE_PREFIX_HEADER = YES;
				GCC_PREFIX_HEADER = "$(SYSTEM_LIBRARY_DIR)/Frameworks/Foundation.framework/Headers/Foundation.h";
				INSTALL_PATH = /usr/local/lib;
				PRODUCT_NAME = FeedParser;
			};
			name = Debug;
		};
		0A339C790F88034D00D0F64E /* Release */ = {
			isa = XCBuildConfiguration;
			buildSettings = {
				ALWAYS_SEARCH_USER_PATHS = NO;
				CLANG_ENABLE_OBJC_WEAK = YES;
				COPY_PHASE_STRIP = YES;
				DEBUG_INFORMATION_FORMAT = "dwarf-with-dsym";
				GCC_MODEL_TUNING = G5;
				GCC_PRECOMPILE_PREFIX_HEADER = YES;
				GCC_PREFIX_HEADER = "$(SYSTEM_LIBRARY_DIR)/Frameworks/Foundation.framework/Headers/Foundation.h";
				INSTALL_PATH = /usr/local/lib;
				PRODUCT_NAME = FeedParser;
				ZERO_LINK = NO;
			};
			name = Release;
		};
		C05733CC08A9546B00998B17 /* Debug */ = {
			isa = XCBuildConfiguration;
			buildSettings = {
				CLANG_WARN_BLOCK_CAPTURE_AUTORELEASING = YES;
				CLANG_WARN_BOOL_CONVERSION = YES;
				CLANG_WARN_COMMA = YES;
				CLANG_WARN_CONSTANT_CONVERSION = YES;
				CLANG_WARN_DEPRECATED_OBJC_IMPLEMENTATIONS = YES;
				CLANG_WARN_EMPTY_BODY = YES;
				CLANG_WARN_ENUM_CONVERSION = YES;
				CLANG_WARN_INFINITE_RECURSION = YES;
				CLANG_WARN_INT_CONVERSION = YES;
				CLANG_WARN_NON_LITERAL_NULL_CONVERSION = YES;
				CLANG_WARN_OBJC_IMPLICIT_RETAIN_SELF = YES;
				CLANG_WARN_OBJC_LITERAL_CONVERSION = YES;
				CLANG_WARN_RANGE_LOOP_ANALYSIS = YES;
				CLANG_WARN_STRICT_PROTOTYPES = YES;
				CLANG_WARN_SUSPICIOUS_MOVE = YES;
				CLANG_WARN_UNREACHABLE_CODE = YES;
				CLANG_WARN__DUPLICATE_METHOD_MATCH = YES;
				ENABLE_STRICT_OBJC_MSGSEND = YES;
				ENABLE_TESTABILITY = YES;
				GCC_C_LANGUAGE_STANDARD = c99;
				GCC_NO_COMMON_BLOCKS = YES;
				GCC_OPTIMIZATION_LEVEL = 0;
				GCC_WARN_64_TO_32_BIT_CONVERSION = YES;
				GCC_WARN_ABOUT_RETURN_TYPE = YES;
				GCC_WARN_UNDECLARED_SELECTOR = YES;
				GCC_WARN_UNINITIALIZED_AUTOS = YES;
				GCC_WARN_UNUSED_FUNCTION = YES;
				GCC_WARN_UNUSED_VARIABLE = YES;
				ONLY_ACTIVE_ARCH = YES;
			};
			name = Debug;
		};
		C05733CD08A9546B00998B17 /* Release */ = {
			isa = XCBuildConfiguration;
			buildSettings = {
				CLANG_WARN_BLOCK_CAPTURE_AUTORELEASING = YES;
				CLANG_WARN_BOOL_CONVERSION = YES;
				CLANG_WARN_COMMA = YES;
				CLANG_WARN_CONSTANT_CONVERSION = YES;
				CLANG_WARN_DEPRECATED_OBJC_IMPLEMENTATIONS = YES;
				CLANG_WARN_EMPTY_BODY = YES;
				CLANG_WARN_ENUM_CONVERSION = YES;
				CLANG_WARN_INFINITE_RECURSION = YES;
				CLANG_WARN_INT_CONVERSION = YES;
				CLANG_WARN_NON_LITERAL_NULL_CONVERSION = YES;
				CLANG_WARN_OBJC_IMPLICIT_RETAIN_SELF = YES;
				CLANG_WARN_OBJC_LITERAL_CONVERSION = YES;
				CLANG_WARN_RANGE_LOOP_ANALYSIS = YES;
				CLANG_WARN_STRICT_PROTOTYPES = YES;
				CLANG_WARN_SUSPICIOUS_MOVE = YES;
				CLANG_WARN_UNREACHABLE_CODE = YES;
				CLANG_WARN__DUPLICATE_METHOD_MATCH = YES;
				ENABLE_STRICT_OBJC_MSGSEND = YES;
				GCC_C_LANGUAGE_STANDARD = c99;
				GCC_NO_COMMON_BLOCKS = YES;
				GCC_WARN_64_TO_32_BIT_CONVERSION = YES;
				GCC_WARN_ABOUT_RETURN_TYPE = YES;
				GCC_WARN_UNDECLARED_SELECTOR = YES;
				GCC_WARN_UNINITIALIZED_AUTOS = YES;
				GCC_WARN_UNUSED_FUNCTION = YES;
				GCC_WARN_UNUSED_VARIABLE = YES;
			};
			name = Release;
		};
/* End XCBuildConfiguration section */

/* Begin XCConfigurationList section */
		0A06FE171EC1766C0016165F /* Build configuration list for PBXNativeTarget "FeedParserTests" */ = {
			isa = XCConfigurationList;
			buildConfigurations = (
				0A06FE181EC1766C0016165F /* Debug */,
				0A06FE191EC1766C0016165F /* Release */,
			);
			defaultConfigurationIsVisible = 0;
			defaultConfigurationName = Release;
		};
		0A339C7F0F88038B00D0F64E /* Build configuration list for PBXNativeTarget "FeedParser" */ = {
			isa = XCConfigurationList;
			buildConfigurations = (
				0A339C780F88034D00D0F64E /* Debug */,
				0A339C790F88034D00D0F64E /* Release */,
			);
			defaultConfigurationIsVisible = 0;
			defaultConfigurationName = Release;
		};
		C05733CB08A9546B00998B17 /* Build configuration list for PBXProject "FeedParser" */ = {
			isa = XCConfigurationList;
			buildConfigurations = (
				C05733CC08A9546B00998B17 /* Debug */,
				C05733CD08A9546B00998B17 /* Release */,
			);
			defaultConfigurationIsVisible = 0;
			defaultConfigurationName = Release;
		};
/* End XCConfigurationList section */
	};
	rootObject = 2A37F4A9FDCFA73011CA2CEA /* Project object */;
}
