// !$*UTF8*$!
{
	archiveVersion = 1;
	classes = {
	};
	objectVersion = 45;
	objects = {

/* Begin PBXBuildFile section */
		0A0C74061187ACAD0052F023 /* google-news.rss in Resources */ = {isa = PBXBuildFile; fileRef = 0A0C74051187ACAD0052F023 /* google-news.rss */; };
		0A33059B10B794F9006E6FDD /* FPEnclosure.m in Sources */ = {isa = PBXBuildFile; fileRef = 0A33059A10B794F9006E6FDD /* FPEnclosure.m */; };
		0A33059C10B794F9006E6FDD /* FPEnclosure.m in Sources */ = {isa = PBXBuildFile; fileRef = 0A33059A10B794F9006E6FDD /* FPEnclosure.m */; };
		0A339C8A0F8803C600D0F64E /* Foundation.framework in Frameworks */ = {isa = PBXBuildFile; fileRef = 0A339B080F87236F00D0F64E /* Foundation.framework */; };
		0A339C9B0F8804E400D0F64E /* FPFeed.m in Sources */ = {isa = PBXBuildFile; fileRef = 0A339C990F8804E400D0F64E /* FPFeed.m */; };
		0A5C39C70F8E981000106D24 /* FPExtensionElementNode.m in Sources */ = {isa = PBXBuildFile; fileRef = 0A5C39C60F8E981000106D24 /* FPExtensionElementNode.m */; };
		0A5C39C80F8E981100106D24 /* FPExtensionElementNode.m in Sources */ = {isa = PBXBuildFile; fileRef = 0A5C39C60F8E981000106D24 /* FPExtensionElementNode.m */; };
		0A5C39D20F8E999A00106D24 /* FPExtensionNode.m in Sources */ = {isa = PBXBuildFile; fileRef = 0A5C39D10F8E999A00106D24 /* FPExtensionNode.m */; };
		0A5C39D40F8E999A00106D24 /* FPExtensionNode.m in Sources */ = {isa = PBXBuildFile; fileRef = 0A5C39D10F8E999A00106D24 /* FPExtensionNode.m */; };
		0A5C39D80F8E9B1200106D24 /* FPExtensionTextNode.m in Sources */ = {isa = PBXBuildFile; fileRef = 0A5C39D70F8E9B1200106D24 /* FPExtensionTextNode.m */; };
		0A5C39D90F8E9B1200106D24 /* FPExtensionTextNode.m in Sources */ = {isa = PBXBuildFile; fileRef = 0A5C39D70F8E9B1200106D24 /* FPExtensionTextNode.m */; };
		0A5C3ACA0F8EAE3800106D24 /* extensions.rss in Resources */ = {isa = PBXBuildFile; fileRef = 0A5C3AC90F8EAE3800106D24 /* extensions.rss */; };
		0A5C3BF40F901AF100106D24 /* rss-with-atom.rss in Resources */ = {isa = PBXBuildFile; fileRef = 0A5C3BF30F901AF100106D24 /* rss-with-atom.rss */; };
		0A5C3C7F0F902A2A00106D24 /* FPLink.m in Sources */ = {isa = PBXBuildFile; fileRef = 0A5C3C7E0F902A2A00106D24 /* FPLink.m */; };
		0A5C3C800F902A2A00106D24 /* FPLink.m in Sources */ = {isa = PBXBuildFile; fileRef = 0A5C3C7E0F902A2A00106D24 /* FPLink.m */; };
		0A5C3CBA0F9031E000106D24 /* NSString_extensions.m in Sources */ = {isa = PBXBuildFile; fileRef = 0A5C3CB80F9031E000106D24 /* NSString_extensions.m */; };
		0A5C3CBB0F9031E000106D24 /* NSString_extensions.m in Sources */ = {isa = PBXBuildFile; fileRef = 0A5C3CB80F9031E000106D24 /* NSString_extensions.m */; };
		0A9BB99E0F8ACCF200CB5F5D /* FPXMLParser.m in Sources */ = {isa = PBXBuildFile; fileRef = 0A9BB99D0F8ACCF200CB5F5D /* FPXMLParser.m */; };
		0A9BB99F0F8ACCF200CB5F5D /* FPXMLParser.m in Sources */ = {isa = PBXBuildFile; fileRef = 0A9BB99D0F8ACCF200CB5F5D /* FPXMLParser.m */; };
		0A9BB9A40F8AD58800CB5F5D /* FPXMLPair.m in Sources */ = {isa = PBXBuildFile; fileRef = 0A9BB9A30F8AD58800CB5F5D /* FPXMLPair.m */; };
		0A9BB9A50F8AD58800CB5F5D /* FPXMLPair.m in Sources */ = {isa = PBXBuildFile; fileRef = 0A9BB9A30F8AD58800CB5F5D /* FPXMLPair.m */; };
		0A9BB9F50F8AE19000CB5F5D /* NSDate_FeedParserExtensions.m in Sources */ = {isa = PBXBuildFile; fileRef = 0A9BB9F40F8AE19000CB5F5D /* NSDate_FeedParserExtensions.m */; };
		0A9BB9F60F8AE19000CB5F5D /* NSDate_FeedParserExtensions.m in Sources */ = {isa = PBXBuildFile; fileRef = 0A9BB9F40F8AE19000CB5F5D /* NSDate_FeedParserExtensions.m */; };
		0AA74C0E0F881C4A007F6085 /* FPItem.m in Sources */ = {isa = PBXBuildFile; fileRef = 0AA74C0D0F881C4A007F6085 /* FPItem.m */; };
		0AA74C110F881CBD007F6085 /* FPParser.m in Sources */ = {isa = PBXBuildFile; fileRef = 0AA74C100F881CBD007F6085 /* FPParser.m */; };
		0AACF2700F8AC0810061AEB8 /* sample-rss-091.rss in Resources */ = {isa = PBXBuildFile; fileRef = 0AACF26D0F8AC0810061AEB8 /* sample-rss-091.rss */; };
		0AACF2710F8AC0810061AEB8 /* sample-rss-092.rss in Resources */ = {isa = PBXBuildFile; fileRef = 0AACF26E0F8AC0810061AEB8 /* sample-rss-092.rss */; };
		0AACF2720F8AC0810061AEB8 /* sample-rss-2.rss in Resources */ = {isa = PBXBuildFile; fileRef = 0AACF26F0F8AC0810061AEB8 /* sample-rss-2.rss */; };
		0AACF2730F8AC1340061AEB8 /* FPParser.m in Sources */ = {isa = PBXBuildFile; fileRef = 0AA74C100F881CBD007F6085 /* FPParser.m */; };
		0AACF2740F8AC1340061AEB8 /* FPItem.m in Sources */ = {isa = PBXBuildFile; fileRef = 0AA74C0D0F881C4A007F6085 /* FPItem.m */; };
		0AACF2750F8AC1350061AEB8 /* FPFeed.m in Sources */ = {isa = PBXBuildFile; fileRef = 0A339C990F8804E400D0F64E /* FPFeed.m */; };
		0AACF27F0F8AC1540061AEB8 /* FeedParserTest.m in Sources */ = {isa = PBXBuildFile; fileRef = 0AACF27E0F8AC1540061AEB8 /* FeedParserTest.m */; };
		0AAF74D40F8AEE3800120935 /* RFC822Test.m in Sources */ = {isa = PBXBuildFile; fileRef = 0AAF74D30F8AEE3800120935 /* RFC822Test.m */; };
/* End PBXBuildFile section */

/* Begin PBXFileReference section */
		0A0C74051187ACAD0052F023 /* google-news.rss */ = {isa = PBXFileReference; fileEncoding = 4; lastKnownFileType = text; path = "google-news.rss"; sourceTree = "<group>"; };
		0A244C5D0F921B8100E6C6A7 /* LICENSE.txt */ = {isa = PBXFileReference; fileEncoding = 4; lastKnownFileType = text; path = LICENSE.txt; sourceTree = "<group>"; };
		0A33059910B794F9006E6FDD /* FPEnclosure.h */ = {isa = PBXFileReference; fileEncoding = 4; lastKnownFileType = sourcecode.c.h; path = FPEnclosure.h; sourceTree = "<group>"; };
		0A33059A10B794F9006E6FDD /* FPEnclosure.m */ = {isa = PBXFileReference; fileEncoding = 4; lastKnownFileType = sourcecode.c.objc; path = FPEnclosure.m; sourceTree = "<group>"; };
		0A339B080F87236F00D0F64E /* Foundation.framework */ = {isa = PBXFileReference; lastKnownFileType = wrapper.framework; name = Foundation.framework; path = System/Library/Frameworks/Foundation.framework; sourceTree = SDKROOT; };
		0A339BB30F87257400D0F64E /* Cocoa.framework */ = {isa = PBXFileReference; lastKnownFileType = wrapper.framework; name = Cocoa.framework; path = System/Library/Frameworks/Cocoa.framework; sourceTree = SDKROOT; };
		0A339C6D0F87267200D0F64E /* FeedParser.h */ = {isa = PBXFileReference; fileEncoding = 4; lastKnownFileType = sourcecode.c.h; path = FeedParser.h; sourceTree = "<group>"; };
		0A339C770F88034D00D0F64E /* libFeedParser.a */ = {isa = PBXFileReference; explicitFileType = archive.ar; includeInIndex = 0; path = libFeedParser.a; sourceTree = BUILT_PRODUCTS_DIR; };
		0A339C980F8804E400D0F64E /* FPFeed.h */ = {isa = PBXFileReference; fileEncoding = 4; lastKnownFileType = sourcecode.c.h; path = FPFeed.h; sourceTree = "<group>"; };
		0A339C990F8804E400D0F64E /* FPFeed.m */ = {isa = PBXFileReference; fileEncoding = 4; lastKnownFileType = sourcecode.c.objc; path = FPFeed.m; sourceTree = "<group>"; };
		0A5C39C50F8E981000106D24 /* FPExtensionElementNode.h */ = {isa = PBXFileReference; fileEncoding = 4; lastKnownFileType = sourcecode.c.h; path = FPExtensionElementNode.h; sourceTree = "<group>"; };
		0A5C39C60F8E981000106D24 /* FPExtensionElementNode.m */ = {isa = PBXFileReference; fileEncoding = 4; lastKnownFileType = sourcecode.c.objc; path = FPExtensionElementNode.m; sourceTree = "<group>"; };
		0A5C39D00F8E999A00106D24 /* FPExtensionNode.h */ = {isa = PBXFileReference; fileEncoding = 4; lastKnownFileType = sourcecode.c.h; path = FPExtensionNode.h; sourceTree = "<group>"; };
		0A5C39D10F8E999A00106D24 /* FPExtensionNode.m */ = {isa = PBXFileReference; fileEncoding = 4; lastKnownFileType = sourcecode.c.objc; path = FPExtensionNode.m; sourceTree = "<group>"; };
		0A5C39D60F8E9B1200106D24 /* FPExtensionTextNode.h */ = {isa = PBXFileReference; fileEncoding = 4; lastKnownFileType = sourcecode.c.h; path = FPExtensionTextNode.h; sourceTree = "<group>"; };
		0A5C39D70F8E9B1200106D24 /* FPExtensionTextNode.m */ = {isa = PBXFileReference; fileEncoding = 4; lastKnownFileType = sourcecode.c.objc; path = FPExtensionTextNode.m; sourceTree = "<group>"; };
		0A5C3A040F8E9ED200106D24 /* FPXMLParserProtocol.h */ = {isa = PBXFileReference; fileEncoding = 4; lastKnownFileType = sourcecode.c.h; path = FPXMLParserProtocol.h; sourceTree = "<group>"; };
		0A5C3A860F8EAC1D00106D24 /* FPExtensionElementNode_Private.h */ = {isa = PBXFileReference; fileEncoding = 4; lastKnownFileType = sourcecode.c.h; path = FPExtensionElementNode_Private.h; sourceTree = "<group>"; };
		0A5C3AC90F8EAE3800106D24 /* extensions.rss */ = {isa = PBXFileReference; fileEncoding = 4; lastKnownFileType = text.xml; path = extensions.rss; sourceTree = "<group>"; usesTabs = 0; };
		0A5C3BF30F901AF100106D24 /* rss-with-atom.rss */ = {isa = PBXFileReference; fileEncoding = 4; lastKnownFileType = text.xml; path = "rss-with-atom.rss"; sourceTree = "<group>"; };
		0A5C3C7D0F902A2A00106D24 /* FPLink.h */ = {isa = PBXFileReference; fileEncoding = 4; lastKnownFileType = sourcecode.c.h; path = FPLink.h; sourceTree = "<group>"; };
		0A5C3C7E0F902A2A00106D24 /* FPLink.m */ = {isa = PBXFileReference; fileEncoding = 4; lastKnownFileType = sourcecode.c.objc; path = FPLink.m; sourceTree = "<group>"; };
		0A5C3CB70F9031E000106D24 /* NSString_extensions.h */ = {isa = PBXFileReference; fileEncoding = 4; lastKnownFileType = sourcecode.c.h; path = NSString_extensions.h; sourceTree = "<group>"; };
		0A5C3CB80F9031E000106D24 /* NSString_extensions.m */ = {isa = PBXFileReference; fileEncoding = 4; lastKnownFileType = sourcecode.c.objc; path = NSString_extensions.m; sourceTree = "<group>"; };
		0A9BB99C0F8ACCF200CB5F5D /* FPXMLParser.h */ = {isa = PBXFileReference; fileEncoding = 4; lastKnownFileType = sourcecode.c.h; path = FPXMLParser.h; sourceTree = "<group>"; };
		0A9BB99D0F8ACCF200CB5F5D /* FPXMLParser.m */ = {isa = PBXFileReference; fileEncoding = 4; lastKnownFileType = sourcecode.c.objc; path = FPXMLParser.m; sourceTree = "<group>"; };
		0A9BB9A20F8AD58800CB5F5D /* FPXMLPair.h */ = {isa = PBXFileReference; fileEncoding = 4; lastKnownFileType = sourcecode.c.h; path = FPXMLPair.h; sourceTree = "<group>"; };
		0A9BB9A30F8AD58800CB5F5D /* FPXMLPair.m */ = {isa = PBXFileReference; fileEncoding = 4; lastKnownFileType = sourcecode.c.objc; path = FPXMLPair.m; sourceTree = "<group>"; };
		0A9BB9F30F8AE19000CB5F5D /* NSDate_FeedParserExtensions.h */ = {isa = PBXFileReference; fileEncoding = 4; lastKnownFileType = sourcecode.c.h; path = NSDate_FeedParserExtensions.h; sourceTree = "<group>"; };
		0A9BB9F40F8AE19000CB5F5D /* NSDate_FeedParserExtensions.m */ = {isa = PBXFileReference; fileEncoding = 4; lastKnownFileType = sourcecode.c.objc; path = NSDate_FeedParserExtensions.m; sourceTree = "<group>"; };
		0AA74C0C0F881C4A007F6085 /* FPItem.h */ = {isa = PBXFileReference; fileEncoding = 4; lastKnownFileType = sourcecode.c.h; path = FPItem.h; sourceTree = "<group>"; };
		0AA74C0D0F881C4A007F6085 /* FPItem.m */ = {isa = PBXFileReference; fileEncoding = 4; lastKnownFileType = sourcecode.c.objc; path = FPItem.m; sourceTree = "<group>"; };
		0AA74C0F0F881CBD007F6085 /* FPParser.h */ = {isa = PBXFileReference; fileEncoding = 4; lastKnownFileType = sourcecode.c.h; path = FPParser.h; sourceTree = "<group>"; };
		0AA74C100F881CBD007F6085 /* FPParser.m */ = {isa = PBXFileReference; fileEncoding = 4; lastKnownFileType = sourcecode.c.objc; path = FPParser.m; sourceTree = "<group>"; };
		0AA74C250F8825AF007F6085 /* FPErrors.h */ = {isa = PBXFileReference; fileEncoding = 4; lastKnownFileType = sourcecode.c.h; path = FPErrors.h; sourceTree = "<group>"; };
		0AACF2620F8AC02E0061AEB8 /* Test.octest */ = {isa = PBXFileReference; explicitFileType = wrapper.cfbundle; includeInIndex = 0; path = Test.octest; sourceTree = BUILT_PRODUCTS_DIR; };
		0AACF2630F8AC02E0061AEB8 /* Info.plist */ = {isa = PBXFileReference; lastKnownFileType = text.plist.xml; path = Info.plist; sourceTree = "<group>"; };
		0AACF26D0F8AC0810061AEB8 /* sample-rss-091.rss */ = {isa = PBXFileReference; fileEncoding = 4; lastKnownFileType = text.xml; path = "sample-rss-091.rss"; sourceTree = "<group>"; };
		0AACF26E0F8AC0810061AEB8 /* sample-rss-092.rss */ = {isa = PBXFileReference; fileEncoding = 4; lastKnownFileType = text.xml; path = "sample-rss-092.rss"; sourceTree = "<group>"; };
		0AACF26F0F8AC0810061AEB8 /* sample-rss-2.rss */ = {isa = PBXFileReference; fileEncoding = 4; lastKnownFileType = text.xml; path = "sample-rss-2.rss"; sourceTree = "<group>"; };
		0AACF27D0F8AC1540061AEB8 /* FeedParserTest.h */ = {isa = PBXFileReference; fileEncoding = 4; lastKnownFileType = sourcecode.c.h; path = FeedParserTest.h; sourceTree = "<group>"; };
		0AACF27E0F8AC1540061AEB8 /* FeedParserTest.m */ = {isa = PBXFileReference; fileEncoding = 4; lastKnownFileType = sourcecode.c.objc; path = FeedParserTest.m; sourceTree = "<group>"; };
		0AAF74D20F8AEE3800120935 /* RFC822Test.h */ = {isa = PBXFileReference; fileEncoding = 4; lastKnownFileType = sourcecode.c.h; path = RFC822Test.h; sourceTree = "<group>"; };
		0AAF74D30F8AEE3800120935 /* RFC822Test.m */ = {isa = PBXFileReference; fileEncoding = 4; lastKnownFileType = sourcecode.c.objc; path = RFC822Test.m; sourceTree = "<group>"; };
		0AD2F7350F9044C800D7CAF1 /* README.mdown */ = {isa = PBXFileReference; fileEncoding = 4; lastKnownFileType = text; path = README.mdown; sourceTree = "<group>"; };
/* End PBXFileReference section */

/* Begin PBXFrameworksBuildPhase section */
		0A339C750F88034D00D0F64E /* Frameworks */ = {
			isa = PBXFrameworksBuildPhase;
			buildActionMask = 2147483647;
			files = (
				0A339C8A0F8803C600D0F64E /* Foundation.framework in Frameworks */,
			);
			runOnlyForDeploymentPostprocessing = 0;
		};
		0AACF25F0F8AC02E0061AEB8 /* Frameworks */ = {
			isa = PBXFrameworksBuildPhase;
			buildActionMask = 2147483647;
			files = (
			);
			runOnlyForDeploymentPostprocessing = 0;
		};
/* End PBXFrameworksBuildPhase section */

/* Begin PBXGroup section */
		0A339AFC0F87227500D0F64E /* FeedParser */ = {
			isa = PBXGroup;
			children = (
				0A339C6D0F87267200D0F64E /* FeedParser.h */,
				0AA74C250F8825AF007F6085 /* FPErrors.h */,
				0AA74C0F0F881CBD007F6085 /* FPParser.h */,
				0AA74C100F881CBD007F6085 /* FPParser.m */,
				0A339C980F8804E400D0F64E /* FPFeed.h */,
				0A339C990F8804E400D0F64E /* FPFeed.m */,
				0AA74C0C0F881C4A007F6085 /* FPItem.h */,
				0AA74C0D0F881C4A007F6085 /* FPItem.m */,
				0A5C3C7D0F902A2A00106D24 /* FPLink.h */,
				0A5C3C7E0F902A2A00106D24 /* FPLink.m */,
				0A33059910B794F9006E6FDD /* FPEnclosure.h */,
				0A33059A10B794F9006E6FDD /* FPEnclosure.m */,
				0A5C39CA0F8E98A000106D24 /* XML Extensions */,
				0A9BB99B0F8ACCDE00CB5F5D /* Internal */,
				0A9BB9F20F8AE17F00CB5F5D /* Extensions */,
			);
			path = FeedParser;
			sourceTree = "<group>";
		};
		0A339C370F87259100D0F64E /* Frameworks */ = {
			isa = PBXGroup;
			children = (
				0A339B080F87236F00D0F64E /* Foundation.framework */,
				0A339BB30F87257400D0F64E /* Cocoa.framework */,
			);
			name = Frameworks;
			sourceTree = "<group>";
		};
		0A5C39CA0F8E98A000106D24 /* XML Extensions */ = {
			isa = PBXGroup;
			children = (
				0A5C39D00F8E999A00106D24 /* FPExtensionNode.h */,
				0A5C39D10F8E999A00106D24 /* FPExtensionNode.m */,
				0A5C39C50F8E981000106D24 /* FPExtensionElementNode.h */,
				0A5C39C60F8E981000106D24 /* FPExtensionElementNode.m */,
				0A5C39D60F8E9B1200106D24 /* FPExtensionTextNode.h */,
				0A5C39D70F8E9B1200106D24 /* FPExtensionTextNode.m */,
			);
			path = "XML Extensions";
			sourceTree = "<group>";
		};
		0A9BB99B0F8ACCDE00CB5F5D /* Internal */ = {
			isa = PBXGroup;
			children = (
				0A5C3A040F8E9ED200106D24 /* FPXMLParserProtocol.h */,
				0A5C3A860F8EAC1D00106D24 /* FPExtensionElementNode_Private.h */,
				0A9BB99C0F8ACCF200CB5F5D /* FPXMLParser.h */,
				0A9BB99D0F8ACCF200CB5F5D /* FPXMLParser.m */,
				0A9BB9A20F8AD58800CB5F5D /* FPXMLPair.h */,
				0A9BB9A30F8AD58800CB5F5D /* FPXMLPair.m */,
			);
			path = Internal;
			sourceTree = "<group>";
		};
		0A9BB9F20F8AE17F00CB5F5D /* Extensions */ = {
			isa = PBXGroup;
			children = (
				0A9BB9F30F8AE19000CB5F5D /* NSDate_FeedParserExtensions.h */,
				0A9BB9F40F8AE19000CB5F5D /* NSDate_FeedParserExtensions.m */,
				0A5C3CB70F9031E000106D24 /* NSString_extensions.h */,
				0A5C3CB80F9031E000106D24 /* NSString_extensions.m */,
			);
			path = Extensions;
			sourceTree = "<group>";
		};
		0AACF25C0F8AC01B0061AEB8 /* Test */ = {
			isa = PBXGroup;
			children = (
				0AACF26C0F8AC0810061AEB8 /* Fixtures */,
				0AACF2630F8AC02E0061AEB8 /* Info.plist */,
				0AACF27D0F8AC1540061AEB8 /* FeedParserTest.h */,
				0AACF27E0F8AC1540061AEB8 /* FeedParserTest.m */,
				0AAF74D20F8AEE3800120935 /* RFC822Test.h */,
				0AAF74D30F8AEE3800120935 /* RFC822Test.m */,
			);
			path = Test;
			sourceTree = "<group>";
		};
		0AACF26C0F8AC0810061AEB8 /* Fixtures */ = {
			isa = PBXGroup;
			children = (
				0AACF26D0F8AC0810061AEB8 /* sample-rss-091.rss */,
				0AACF26E0F8AC0810061AEB8 /* sample-rss-092.rss */,
				0AACF26F0F8AC0810061AEB8 /* sample-rss-2.rss */,
				0A5C3AC90F8EAE3800106D24 /* extensions.rss */,
				0A5C3BF30F901AF100106D24 /* rss-with-atom.rss */,
				0A0C74051187ACAD0052F023 /* google-news.rss */,
			);
			path = Fixtures;
			sourceTree = "<group>";
		};
		19C28FB0FE9D524F11CA2CBB /* Products */ = {
			isa = PBXGroup;
			children = (
				0A339C770F88034D00D0F64E /* libFeedParser.a */,
				0AACF2620F8AC02E0061AEB8 /* Test.octest */,
			);
			name = Products;
			sourceTree = "<group>";
		};
		2A37F4AAFDCFA73011CA2CEA /* FeedParser */ = {
			isa = PBXGroup;
			children = (
				0AD2F7350F9044C800D7CAF1 /* README.mdown */,
				0A244C5D0F921B8100E6C6A7 /* LICENSE.txt */,
				0A339AFC0F87227500D0F64E /* FeedParser */,
				0AACF25C0F8AC01B0061AEB8 /* Test */,
				0A339C370F87259100D0F64E /* Frameworks */,
				19C28FB0FE9D524F11CA2CBB /* Products */,
			);
			name = FeedParser;
			sourceTree = "<group>";
		};
/* End PBXGroup section */

/* Begin PBXNativeTarget section */
		0A339C760F88034D00D0F64E /* FeedParser */ = {
			isa = PBXNativeTarget;
			buildConfigurationList = 0A339C7F0F88038B00D0F64E /* Build configuration list for PBXNativeTarget "FeedParser" */;
			buildPhases = (
				0A339C740F88034D00D0F64E /* Sources */,
				0A339C750F88034D00D0F64E /* Frameworks */,
			);
			buildRules = (
			);
			dependencies = (
			);
			name = FeedParser;
			productName = FeedParser;
			productReference = 0A339C770F88034D00D0F64E /* libFeedParser.a */;
			productType = "com.apple.product-type.library.static";
		};
		0AACF2610F8AC02E0061AEB8 /* Test */ = {
			isa = PBXNativeTarget;
			buildConfigurationList = 0AACF2660F8AC02F0061AEB8 /* Build configuration list for PBXNativeTarget "Test" */;
			buildPhases = (
				0AACF25D0F8AC02E0061AEB8 /* Resources */,
				0AACF25E0F8AC02E0061AEB8 /* Sources */,
				0AACF25F0F8AC02E0061AEB8 /* Frameworks */,
				0AACF2600F8AC02E0061AEB8 /* ShellScript */,
			);
			buildRules = (
			);
			dependencies = (
			);
			name = Test;
			productName = Test;
			productReference = 0AACF2620F8AC02E0061AEB8 /* Test.octest */;
			productType = "com.apple.product-type.bundle";
		};
/* End PBXNativeTarget section */

/* Begin PBXProject section */
		2A37F4A9FDCFA73011CA2CEA /* Project object */ = {
			isa = PBXProject;
			buildConfigurationList = C05733CB08A9546B00998B17 /* Build configuration list for PBXProject "FeedParser" */;
			compatibilityVersion = "Xcode 3.1";
			hasScannedForEncodings = 1;
			mainGroup = 2A37F4AAFDCFA73011CA2CEA /* FeedParser */;
			projectDirPath = "";
			projectRoot = "";
			targets = (
				0A339C760F88034D00D0F64E /* FeedParser */,
				0AACF2610F8AC02E0061AEB8 /* Test */,
			);
		};
/* End PBXProject section */

/* Begin PBXResourcesBuildPhase section */
		0AACF25D0F8AC02E0061AEB8 /* Resources */ = {
			isa = PBXResourcesBuildPhase;
			buildActionMask = 2147483647;
			files = (
				0AACF2700F8AC0810061AEB8 /* sample-rss-091.rss in Resources */,
				0AACF2710F8AC0810061AEB8 /* sample-rss-092.rss in Resources */,
				0AACF2720F8AC0810061AEB8 /* sample-rss-2.rss in Resources */,
				0A5C3ACA0F8EAE3800106D24 /* extensions.rss in Resources */,
				0A5C3BF40F901AF100106D24 /* rss-with-atom.rss in Resources */,
				0A0C74061187ACAD0052F023 /* google-news.rss in Resources */,
			);
			runOnlyForDeploymentPostprocessing = 0;
		};
/* End PBXResourcesBuildPhase section */

/* Begin PBXShellScriptBuildPhase section */
		0AACF2600F8AC02E0061AEB8 /* ShellScript */ = {
			isa = PBXShellScriptBuildPhase;
			buildActionMask = 2147483647;
			files = (
			);
			inputPaths = (
			);
			outputPaths = (
			);
			runOnlyForDeploymentPostprocessing = 0;
			shellPath = /bin/sh;
			shellScript = "# Run the unit tests in this test bundle.\n\"${SYSTEM_DEVELOPER_DIR}/Tools/RunUnitTests\"\n";
		};
/* End PBXShellScriptBuildPhase section */

/* Begin PBXSourcesBuildPhase section */
		0A339C740F88034D00D0F64E /* Sources */ = {
			isa = PBXSourcesBuildPhase;
			buildActionMask = 2147483647;
			files = (
				0A339C9B0F8804E400D0F64E /* FPFeed.m in Sources */,
				0AA74C0E0F881C4A007F6085 /* FPItem.m in Sources */,
				0AA74C110F881CBD007F6085 /* FPParser.m in Sources */,
				0A9BB99F0F8ACCF200CB5F5D /* FPXMLParser.m in Sources */,
				0A9BB9A50F8AD58800CB5F5D /* FPXMLPair.m in Sources */,
				0A9BB9F60F8AE19000CB5F5D /* NSDate_FeedParserExtensions.m in Sources */,
				0A5C39C70F8E981000106D24 /* FPExtensionElementNode.m in Sources */,
				0A5C39D40F8E999A00106D24 /* FPExtensionNode.m in Sources */,
				0A5C39D90F8E9B1200106D24 /* FPExtensionTextNode.m in Sources */,
				0A5C3C800F902A2A00106D24 /* FPLink.m in Sources */,
				0A5C3CBB0F9031E000106D24 /* NSString_extensions.m in Sources */,
				0A33059B10B794F9006E6FDD /* FPEnclosure.m in Sources */,
			);
			runOnlyForDeploymentPostprocessing = 0;
		};
		0AACF25E0F8AC02E0061AEB8 /* Sources */ = {
			isa = PBXSourcesBuildPhase;
			buildActionMask = 2147483647;
			files = (
				0AACF2730F8AC1340061AEB8 /* FPParser.m in Sources */,
				0AACF2740F8AC1340061AEB8 /* FPItem.m in Sources */,
				0AACF2750F8AC1350061AEB8 /* FPFeed.m in Sources */,
				0AACF27F0F8AC1540061AEB8 /* FeedParserTest.m in Sources */,
				0A9BB99E0F8ACCF200CB5F5D /* FPXMLParser.m in Sources */,
				0A9BB9A40F8AD58800CB5F5D /* FPXMLPair.m in Sources */,
				0A9BB9F50F8AE19000CB5F5D /* NSDate_FeedParserExtensions.m in Sources */,
				0AAF74D40F8AEE3800120935 /* RFC822Test.m in Sources */,
				0A5C39C80F8E981100106D24 /* FPExtensionElementNode.m in Sources */,
				0A5C39D20F8E999A00106D24 /* FPExtensionNode.m in Sources */,
				0A5C39D80F8E9B1200106D24 /* FPExtensionTextNode.m in Sources */,
				0A5C3C7F0F902A2A00106D24 /* FPLink.m in Sources */,
				0A5C3CBA0F9031E000106D24 /* NSString_extensions.m in Sources */,
				0A33059C10B794F9006E6FDD /* FPEnclosure.m in Sources */,
			);
			runOnlyForDeploymentPostprocessing = 0;
		};
/* End PBXSourcesBuildPhase section */

/* Begin XCBuildConfiguration section */
		0A339C780F88034D00D0F64E /* Debug */ = {
			isa = XCBuildConfiguration;
			buildSettings = {
				ALWAYS_SEARCH_USER_PATHS = NO;
				COPY_PHASE_STRIP = NO;
				GCC_DYNAMIC_NO_PIC = NO;
				GCC_ENABLE_FIX_AND_CONTINUE = YES;
				GCC_MODEL_TUNING = G5;
				GCC_OPTIMIZATION_LEVEL = 0;
				GCC_PRECOMPILE_PREFIX_HEADER = YES;
				GCC_PREFIX_HEADER = "$(SYSTEM_LIBRARY_DIR)/Frameworks/Foundation.framework/Headers/Foundation.h";
				INSTALL_PATH = /usr/local/lib;
				PREBINDING = NO;
				PRODUCT_NAME = FeedParser;
			};
			name = Debug;
		};
		0A339C790F88034D00D0F64E /* Release */ = {
			isa = XCBuildConfiguration;
			buildSettings = {
				ALWAYS_SEARCH_USER_PATHS = NO;
				COPY_PHASE_STRIP = YES;
				DEBUG_INFORMATION_FORMAT = "dwarf-with-dsym";
				GCC_ENABLE_FIX_AND_CONTINUE = NO;
				GCC_MODEL_TUNING = G5;
				GCC_PRECOMPILE_PREFIX_HEADER = YES;
				GCC_PREFIX_HEADER = "$(SYSTEM_LIBRARY_DIR)/Frameworks/Foundation.framework/Headers/Foundation.h";
				INSTALL_PATH = /usr/local/lib;
				PREBINDING = NO;
				PRODUCT_NAME = FeedParser;
				ZERO_LINK = NO;
			};
			name = Release;
		};
		0AACF2640F8AC02F0061AEB8 /* Debug */ = {
			isa = XCBuildConfiguration;
			buildSettings = {
				ALWAYS_SEARCH_USER_PATHS = NO;
				COPY_PHASE_STRIP = NO;
				FRAMEWORK_SEARCH_PATHS = "$(DEVELOPER_LIBRARY_DIR)/Frameworks";
				GCC_DYNAMIC_NO_PIC = NO;
				GCC_ENABLE_FIX_AND_CONTINUE = NO;
				GCC_ENABLE_OBJC_EXCEPTIONS = YES;
				GCC_MODEL_TUNING = G5;
				GCC_OPTIMIZATION_LEVEL = 0;
				GCC_PRECOMPILE_PREFIX_HEADER = YES;
				GCC_PREFIX_HEADER = "$(SYSTEM_LIBRARY_DIR)/Frameworks/Cocoa.framework/Headers/Cocoa.h";
				INFOPLIST_FILE = Test/Info.plist;
				INSTALL_PATH = "$(USER_LIBRARY_DIR)/Bundles";
				OTHER_LDFLAGS = (
					"-framework",
					Cocoa,
					"-framework",
					SenTestingKit,
				);
				PREBINDING = NO;
				PRODUCT_NAME = Test;
				WRAPPER_EXTENSION = octest;
			};
			name = Debug;
		};
		0AACF2650F8AC02F0061AEB8 /* Release */ = {
			isa = XCBuildConfiguration;
			buildSettings = {
				ALWAYS_SEARCH_USER_PATHS = NO;
				COPY_PHASE_STRIP = YES;
				DEBUG_INFORMATION_FORMAT = "dwarf-with-dsym";
				FRAMEWORK_SEARCH_PATHS = "$(DEVELOPER_LIBRARY_DIR)/Frameworks";
				GCC_ENABLE_FIX_AND_CONTINUE = NO;
				GCC_ENABLE_OBJC_EXCEPTIONS = YES;
				GCC_MODEL_TUNING = G5;
				GCC_PRECOMPILE_PREFIX_HEADER = YES;
				GCC_PREFIX_HEADER = "$(SYSTEM_LIBRARY_DIR)/Frameworks/Cocoa.framework/Headers/Cocoa.h";
				INFOPLIST_FILE = Test/Info.plist;
				INSTALL_PATH = "$(USER_LIBRARY_DIR)/Bundles";
				OTHER_LDFLAGS = (
					"-framework",
					Cocoa,
					"-framework",
					SenTestingKit,
				);
				PREBINDING = NO;
				PRODUCT_NAME = Test;
				WRAPPER_EXTENSION = octest;
				ZERO_LINK = NO;
			};
			name = Release;
		};
		C05733CC08A9546B00998B17 /* Debug */ = {
			isa = XCBuildConfiguration;
			buildSettings = {
				ARCHS = "$(ARCHS_STANDARD_32_BIT)";
				GCC_C_LANGUAGE_STANDARD = c99;
				GCC_OPTIMIZATION_LEVEL = 0;
				GCC_WARN_ABOUT_RETURN_TYPE = YES;
				GCC_WARN_UNUSED_VARIABLE = YES;
				ONLY_ACTIVE_ARCH = YES;
				PREBINDING = NO;
				SDKROOT = macosx10.5;
			};
			name = Debug;
		};
		C05733CD08A9546B00998B17 /* Release */ = {
			isa = XCBuildConfiguration;
			buildSettings = {
				ARCHS = "$(ARCHS_STANDARD_32_BIT)";
				GCC_C_LANGUAGE_STANDARD = c99;
				GCC_WARN_ABOUT_RETURN_TYPE = YES;
				GCC_WARN_UNUSED_VARIABLE = YES;
				PREBINDING = NO;
				SDKROOT = macosx10.5;
			};
			name = Release;
		};
/* End XCBuildConfiguration section */

/* Begin XCConfigurationList section */
		0A339C7F0F88038B00D0F64E /* Build configuration list for PBXNativeTarget "FeedParser" */ = {
			isa = XCConfigurationList;
			buildConfigurations = (
				0A339C780F88034D00D0F64E /* Debug */,
				0A339C790F88034D00D0F64E /* Release */,
			);
			defaultConfigurationIsVisible = 0;
			defaultConfigurationName = Release;
		};
		0AACF2660F8AC02F0061AEB8 /* Build configuration list for PBXNativeTarget "Test" */ = {
			isa = XCConfigurationList;
			buildConfigurations = (
				0AACF2640F8AC02F0061AEB8 /* Debug */,
				0AACF2650F8AC02F0061AEB8 /* Release */,
			);
			defaultConfigurationIsVisible = 0;
			defaultConfigurationName = Release;
		};
		C05733CB08A9546B00998B17 /* Build configuration list for PBXProject "FeedParser" */ = {
			isa = XCConfigurationList;
			buildConfigurations = (
				C05733CC08A9546B00998B17 /* Debug */,
				C05733CD08A9546B00998B17 /* Release */,
			);
			defaultConfigurationIsVisible = 0;
			defaultConfigurationName = Release;
		};
/* End XCConfigurationList section */
	};
	rootObject = 2A37F4A9FDCFA73011CA2CEA /* Project object */;
}
